
Microsoft Visual Studio Solution File, Format Version 12.00
# Visual Studio Version 17
VisualStudioVersion = 17.13.35931.197 d17.13
MinimumVisualStudioVersion = 10.0.40219.1
Project("{FAE04EC0-301F-11D3-BF4B-00C04F79EFBC}") = "Test_deployement_project", "Test_deployement_project\Test_deployement_project.csproj", "{3C54F45D-49E6-47E6-9464-224FE126A70A}"
EndProject
Global
	GlobalSection(SolutionConfigurationPlatforms) = preSolution
		Debug|Any CPU = Debug|Any CPU
		Release|Any CPU = Release|Any CPU
	EndGlobalSection
	GlobalSection(ProjectConfigurationPlatforms) = postSolution
		{3C54F45D-49E6-47E6-9464-224FE126A70A}.Debug|Any CPU.ActiveCfg = Debug|Any CPU
		{3C54F45D-49E6-47E6-9464-224FE126A70A}.Debug|Any CPU.Build.0 = Debug|Any CPU
		{3C54F45D-49E6-47E6-9464-224FE126A70A}.Release|Any CPU.ActiveCfg = Release|Any CPU
		{3C54F45D-49E6-47E6-9464-224FE126A70A}.Release|Any CPU.Build.0 = Release|Any CPU
	EndGlobalSection
	GlobalSection(SolutionProperties) = preSolution
		HideSolutionNode = FALSE
	EndGlobalSection
	GlobalSection(ExtensibilityGlobals) = postSolution
		SolutionGuid = {33165000-95B5-4B34-BCDB-C09194BFE87C}
	EndGlobalSection
EndGlobal
